
Microsoft Visual Studio Solution File, Format Version 12.00
# Visual Studio Version 17
VisualStudioVersion = 17.0.31903.59
MinimumVisualStudioVersion = 10.0.40219.1
Project("{2150E333-8FDC-42A3-9474-1A3956D46DE8}") = "src", "src", "{827E0CD3-B72D-47B6-A68D-7590B98EB39B}"
EndProject
Project("{FAE04EC0-301F-11D3-BF4B-00C04F79EFBC}") = "Nopds.Conversion", "src\Nopds.Conversion\Nopds.Conversion.csproj", "{653535E0-65B4-4065-811C-6A82DA58E680}"
EndProject
Project("{FAE04EC0-301F-11D3-BF4B-00C04F79EFBC}") = "Nopds.Domain", "src\Nopds.Domain\Nopds.Domain.csproj", "{800CE58E-CE75-4218-82F3-C6C771BE335C}"
EndProject
Project("{FAE04EC0-301F-11D3-BF4B-00C04F79EFBC}") = "Nopds.Formats", "src\Nopds.Formats\Nopds.Formats.csproj", "{805526CC-B353-48F5-80C4-88D6ED10B919}"
EndProject
Project("{FAE04EC0-301F-11D3-BF4B-00C04F79EFBC}") = "Nopds.Infrastructure", "src\Nopds.Infrastructure\Nopds.Infrastructure.csproj", "{07EA21FF-54FC-44DD-9847-4F4C25ABD4F2}"
EndProject
Project("{FAE04EC0-301F-11D3-BF4B-00C04F79EFBC}") = "Nopds.Opds", "src\Nopds.Opds\Nopds.Opds.csproj", "{29908838-8BD5-4BA0-83C7-69476A594783}"
EndProject
Project("{FAE04EC0-301F-11D3-BF4B-00C04F79EFBC}") = "Nopds.Scanner", "src\Nopds.Scanner\Nopds.Scanner.csproj", "{78C55726-04C8-45CF-8019-41169FA82E61}"
EndProject
Project("{FAE04EC0-301F-11D3-BF4B-00C04F79EFBC}") = "Nopds.Telegram", "src\Nopds.Telegram\Nopds.Telegram.csproj", "{3917739E-BBC9-4CC1-9EE1-751B6C0FAB67}"
EndProject
Project("{FAE04EC0-301F-11D3-BF4B-00C04F79EFBC}") = "Nopds.Web", "src\Nopds.Web\Nopds.Web.csproj", "{7A00005C-2DC5-4307-8C12-4C71EE76D226}"
EndProject
Project("{2150E333-8FDC-42A3-9474-1A3956D46DE8}") = "tests", "tests", "{0AB3BF05-4346-4AA6-1389-037BE0695223}"
EndProject
Project("{FAE04EC0-301F-11D3-BF4B-00C04F79EFBC}") = "Nopds.Tests", "tests\Nopds.Tests\Nopds.Tests.csproj", "{1AD25434-65C1-44DE-8C43-226F976F9722}"
EndProject
Global
	GlobalSection(SolutionConfigurationPlatforms) = preSolution
		Debug|Any CPU = Debug|Any CPU
		Debug|x64 = Debug|x64
		Debug|x86 = Debug|x86
		Release|Any CPU = Release|Any CPU
		Release|x64 = Release|x64
		Release|x86 = Release|x86
	EndGlobalSection
	GlobalSection(ProjectConfigurationPlatforms) = postSolution
		{653535E0-65B4-4065-811C-6A82DA58E680}.Debug|Any CPU.ActiveCfg = Debug|Any CPU
		{653535E0-65B4-4065-811C-6A82DA58E680}.Debug|Any CPU.Build.0 = Debug|Any CPU
		{653535E0-65B4-4065-811C-6A82DA58E680}.Debug|x64.ActiveCfg = Debug|Any CPU
		{653535E0-65B4-4065-811C-6A82DA58E680}.Debug|x64.Build.0 = Debug|Any CPU
		{653535E0-65B4-4065-811C-6A82DA58E680}.Debug|x86.ActiveCfg = Debug|Any CPU
		{653535E0-65B4-4065-811C-6A82DA58E680}.Debug|x86.Build.0 = Debug|Any CPU
		{653535E0-65B4-4065-811C-6A82DA58E680}.Release|Any CPU.ActiveCfg = Release|Any CPU
		{653535E0-65B4-4065-811C-6A82DA58E680}.Release|Any CPU.Build.0 = Release|Any CPU
		{653535E0-65B4-4065-811C-6A82DA58E680}.Release|x64.ActiveCfg = Release|Any CPU
		{653535E0-65B4-4065-811C-6A82DA58E680}.Release|x64.Build.0 = Release|Any CPU
		{653535E0-65B4-4065-811C-6A82DA58E680}.Release|x86.ActiveCfg = Release|Any CPU
		{653535E0-65B4-4065-811C-6A82DA58E680}.Release|x86.Build.0 = Release|Any CPU
		{800CE58E-CE75-4218-82F3-C6C771BE335C}.Debug|Any CPU.ActiveCfg = Debug|Any CPU
		{800CE58E-CE75-4218-82F3-C6C771BE335C}.Debug|Any CPU.Build.0 = Debug|Any CPU
		{800CE58E-CE75-4218-82F3-C6C771BE335C}.Debug|x64.ActiveCfg = Debug|Any CPU
		{800CE58E-CE75-4218-82F3-C6C771BE335C}.Debug|x64.Build.0 = Debug|Any CPU
		{800CE58E-CE75-4218-82F3-C6C771BE335C}.Debug|x86.ActiveCfg = Debug|Any CPU
		{800CE58E-CE75-4218-82F3-C6C771BE335C}.Debug|x86.Build.0 = Debug|Any CPU
		{800CE58E-CE75-4218-82F3-C6C771BE335C}.Release|Any CPU.ActiveCfg = Release|Any CPU
		{800CE58E-CE75-4218-82F3-C6C771BE335C}.Release|Any CPU.Build.0 = Release|Any CPU
		{800CE58E-CE75-4218-82F3-C6C771BE335C}.Release|x64.ActiveCfg = Release|Any CPU
		{800CE58E-CE75-4218-82F3-C6C771BE335C}.Release|x64.Build.0 = Release|Any CPU
		{800CE58E-CE75-4218-82F3-C6C771BE335C}.Release|x86.ActiveCfg = Release|Any CPU
		{800CE58E-CE75-4218-82F3-C6C771BE335C}.Release|x86.Build.0 = Release|Any CPU
		{805526CC-B353-48F5-80C4-88D6ED10B919}.Debug|Any CPU.ActiveCfg = Debug|Any CPU
		{805526CC-B353-48F5-80C4-88D6ED10B919}.Debug|Any CPU.Build.0 = Debug|Any CPU
		{805526CC-B353-48F5-80C4-88D6ED10B919}.Debug|x64.ActiveCfg = Debug|Any CPU
		{805526CC-B353-48F5-80C4-88D6ED10B919}.Debug|x64.Build.0 = Debug|Any CPU
		{805526CC-B353-48F5-80C4-88D6ED10B919}.Debug|x86.ActiveCfg = Debug|Any CPU
		{805526CC-B353-48F5-80C4-88D6ED10B919}.Debug|x86.Build.0 = Debug|Any CPU
		{805526CC-B353-48F5-80C4-88D6ED10B919}.Release|Any CPU.ActiveCfg = Release|Any CPU
		{805526CC-B353-48F5-80C4-88D6ED10B919}.Release|Any CPU.Build.0 = Release|Any CPU
		{805526CC-B353-48F5-80C4-88D6ED10B919}.Release|x64.ActiveCfg = Release|Any CPU
		{805526CC-B353-48F5-80C4-88D6ED10B919}.Release|x64.Build.0 = Release|Any CPU
		{805526CC-B353-48F5-80C4-88D6ED10B919}.Release|x86.ActiveCfg = Release|Any CPU
		{805526CC-B353-48F5-80C4-88D6ED10B919}.Release|x86.Build.0 = Release|Any CPU
		{07EA21FF-54FC-44DD-9847-4F4C25ABD4F2}.Debug|Any CPU.ActiveCfg = Debug|Any CPU
		{07EA21FF-54FC-44DD-9847-4F4C25ABD4F2}.Debug|Any CPU.Build.0 = Debug|Any CPU
		{07EA21FF-54FC-44DD-9847-4F4C25ABD4F2}.Debug|x64.ActiveCfg = Debug|Any CPU
		{07EA21FF-54FC-44DD-9847-4F4C25ABD4F2}.Debug|x64.Build.0 = Debug|Any CPU
		{07EA21FF-54FC-44DD-9847-4F4C25ABD4F2}.Debug|x86.ActiveCfg = Debug|Any CPU
		{07EA21FF-54FC-44DD-9847-4F4C25ABD4F2}.Debug|x86.Build.0 = Debug|Any CPU
		{07EA21FF-54FC-44DD-9847-4F4C25ABD4F2}.Release|Any CPU.ActiveCfg = Release|Any CPU
		{07EA21FF-54FC-44DD-9847-4F4C25ABD4F2}.Release|Any CPU.Build.0 = Release|Any CPU
		{07EA21FF-54FC-44DD-9847-4F4C25ABD4F2}.Release|x64.ActiveCfg = Release|Any CPU
		{07EA21FF-54FC-44DD-9847-4F4C25ABD4F2}.Release|x64.Build.0 = Release|Any CPU
		{07EA21FF-54FC-44DD-9847-4F4C25ABD4F2}.Release|x86.ActiveCfg = Release|Any CPU
		{07EA21FF-54FC-44DD-9847-4F4C25ABD4F2}.Release|x86.Build.0 = Release|Any CPU
		{29908838-8BD5-4BA0-83C7-69476A594783}.Debug|Any CPU.ActiveCfg = Debug|Any CPU
		{29908838-8BD5-4BA0-83C7-69476A594783}.Debug|Any CPU.Build.0 = Debug|Any CPU
		{29908838-8BD5-4BA0-83C7-69476A594783}.Debug|x64.ActiveCfg = Debug|Any CPU
		{29908838-8BD5-4BA0-83C7-69476A594783}.Debug|x64.Build.0 = Debug|Any CPU
		{29908838-8BD5-4BA0-83C7-69476A594783}.Debug|x86.ActiveCfg = Debug|Any CPU
		{29908838-8BD5-4BA0-83C7-69476A594783}.Debug|x86.Build.0 = Debug|Any CPU
		{29908838-8BD5-4BA0-83C7-69476A594783}.Release|Any CPU.ActiveCfg = Release|Any CPU
		{29908838-8BD5-4BA0-83C7-69476A594783}.Release|Any CPU.Build.0 = Release|Any CPU
		{29908838-8BD5-4BA0-83C7-69476A594783}.Release|x64.ActiveCfg = Release|Any CPU
		{29908838-8BD5-4BA0-83C7-69476A594783}.Release|x64.Build.0 = Release|Any CPU
		{29908838-8BD5-4BA0-83C7-69476A594783}.Release|x86.ActiveCfg = Release|Any CPU
		{29908838-8BD5-4BA0-83C7-69476A594783}.Release|x86.Build.0 = Release|Any CPU
		{78C55726-04C8-45CF-8019-41169FA82E61}.Debug|Any CPU.ActiveCfg = Debug|Any CPU
		{78C55726-04C8-45CF-8019-41169FA82E61}.Debug|Any CPU.Build.0 = Debug|Any CPU
		{78C55726-04C8-45CF-8019-41169FA82E61}.Debug|x64.ActiveCfg = Debug|Any CPU
		{78C55726-04C8-45CF-8019-41169FA82E61}.Debug|x64.Build.0 = Debug|Any CPU
		{78C55726-04C8-45CF-8019-41169FA82E61}.Debug|x86.ActiveCfg = Debug|Any CPU
		{78C55726-04C8-45CF-8019-41169FA82E61}.Debug|x86.Build.0 = Debug|Any CPU
		{78C55726-04C8-45CF-8019-41169FA82E61}.Release|Any CPU.ActiveCfg = Release|Any CPU
		{78C55726-04C8-45CF-8019-41169FA82E61}.Release|Any CPU.Build.0 = Release|Any CPU
		{78C55726-04C8-45CF-8019-41169FA82E61}.Release|x64.ActiveCfg = Release|Any CPU
		{78C55726-04C8-45CF-8019-41169FA82E61}.Release|x64.Build.0 = Release|Any CPU
		{78C55726-04C8-45CF-8019-41169FA82E61}.Release|x86.ActiveCfg = Release|Any CPU
		{78C55726-04C8-45CF-8019-41169FA82E61}.Release|x86.Build.0 = Release|Any CPU
		{3917739E-BBC9-4CC1-9EE1-751B6C0FAB67}.Debug|Any CPU.ActiveCfg = Debug|Any CPU
		{3917739E-BBC9-4CC1-9EE1-751B6C0FAB67}.Debug|Any CPU.Build.0 = Debug|Any CPU
		{3917739E-BBC9-4CC1-9EE1-751B6C0FAB67}.Debug|x64.ActiveCfg = Debug|Any CPU
		{3917739E-BBC9-4CC1-9EE1-751B6C0FAB67}.Debug|x64.Build.0 = Debug|Any CPU
		{3917739E-BBC9-4CC1-9EE1-751B6C0FAB67}.Debug|x86.ActiveCfg = Debug|Any CPU
		{3917739E-BBC9-4CC1-9EE1-751B6C0FAB67}.Debug|x86.Build.0 = Debug|Any CPU
		{3917739E-BBC9-4CC1-9EE1-751B6C0FAB67}.Release|Any CPU.ActiveCfg = Release|Any CPU
		{3917739E-BBC9-4CC1-9EE1-751B6C0FAB67}.Release|Any CPU.Build.0 = Release|Any CPU
		{3917739E-BBC9-4CC1-9EE1-751B6C0FAB67}.Release|x64.ActiveCfg = Release|Any CPU
		{3917739E-BBC9-4CC1-9EE1-751B6C0FAB67}.Release|x64.Build.0 = Release|Any CPU
		{3917739E-BBC9-4CC1-9EE1-751B6C0FAB67}.Release|x86.ActiveCfg = Release|Any CPU
		{3917739E-BBC9-4CC1-9EE1-751B6C0FAB67}.Release|x86.Build.0 = Release|Any CPU
		{7A00005C-2DC5-4307-8C12-4C71EE76D226}.Debug|Any CPU.ActiveCfg = Debug|Any CPU
		{7A00005C-2DC5-4307-8C12-4C71EE76D226}.Debug|Any CPU.Build.0 = Debug|Any CPU
		{7A00005C-2DC5-4307-8C12-4C71EE76D226}.Debug|x64.ActiveCfg = Debug|Any CPU
		{7A00005C-2DC5-4307-8C12-4C71EE76D226}.Debug|x64.Build.0 = Debug|Any CPU
		{7A00005C-2DC5-4307-8C12-4C71EE76D226}.Debug|x86.ActiveCfg = Debug|Any CPU
		{7A00005C-2DC5-4307-8C12-4C71EE76D226}.Debug|x86.Build.0 = Debug|Any CPU
		{7A00005C-2DC5-4307-8C12-4C71EE76D226}.Release|Any CPU.ActiveCfg = Release|Any CPU
		{7A00005C-2DC5-4307-8C12-4C71EE76D226}.Release|Any CPU.Build.0 = Release|Any CPU
		{7A00005C-2DC5-4307-8C12-4C71EE76D226}.Release|x64.ActiveCfg = Release|Any CPU
		{7A00005C-2DC5-4307-8C12-4C71EE76D226}.Release|x64.Build.0 = Release|Any CPU
		{7A00005C-2DC5-4307-8C12-4C71EE76D226}.Release|x86.ActiveCfg = Release|Any CPU
		{7A00005C-2DC5-4307-8C12-4C71EE76D226}.Release|x86.Build.0 = Release|Any CPU
		{1AD25434-65C1-44DE-8C43-226F976F9722}.Debug|Any CPU.ActiveCfg = Debug|Any CPU
		{1AD25434-65C1-44DE-8C43-226F976F9722}.Debug|Any CPU.Build.0 = Debug|Any CPU
		{1AD25434-65C1-44DE-8C43-226F976F9722}.Debug|x64.ActiveCfg = Debug|Any CPU
		{1AD25434-65C1-44DE-8C43-226F976F9722}.Debug|x64.Build.0 = Debug|Any CPU
		{1AD25434-65C1-44DE-8C43-226F976F9722}.Debug|x86.ActiveCfg = Debug|Any CPU
		{1AD25434-65C1-44DE-8C43-226F976F9722}.Debug|x86.Build.0 = Debug|Any CPU
		{1AD25434-65C1-44DE-8C43-226F976F9722}.Release|Any CPU.ActiveCfg = Release|Any CPU
		{1AD25434-65C1-44DE-8C43-226F976F9722}.Release|Any CPU.Build.0 = Release|Any CPU
		{1AD25434-65C1-44DE-8C43-226F976F9722}.Release|x64.ActiveCfg = Release|Any CPU
		{1AD25434-65C1-44DE-8C43-226F976F9722}.Release|x64.Build.0 = Release|Any CPU
		{1AD25434-65C1-44DE-8C43-226F976F9722}.Release|x86.ActiveCfg = Release|Any CPU
		{1AD25434-65C1-44DE-8C43-226F976F9722}.Release|x86.Build.0 = Release|Any CPU
	EndGlobalSection
	GlobalSection(SolutionProperties) = preSolution
		HideSolutionNode = FALSE
	EndGlobalSection
	GlobalSection(NestedProjects) = preSolution
		{653535E0-65B4-4065-811C-6A82DA58E680} = {827E0CD3-B72D-47B6-A68D-7590B98EB39B}
		{800CE58E-CE75-4218-82F3-C6C771BE335C} = {827E0CD3-B72D-47B6-A68D-7590B98EB39B}
		{805526CC-B353-48F5-80C4-88D6ED10B919} = {827E0CD3-B72D-47B6-A68D-7590B98EB39B}
		{07EA21FF-54FC-44DD-9847-4F4C25ABD4F2} = {827E0CD3-B72D-47B6-A68D-7590B98EB39B}
		{29908838-8BD5-4BA0-83C7-69476A594783} = {827E0CD3-B72D-47B6-A68D-7590B98EB39B}
		{78C55726-04C8-45CF-8019-41169FA82E61} = {827E0CD3-B72D-47B6-A68D-7590B98EB39B}
		{3917739E-BBC9-4CC1-9EE1-751B6C0FAB67} = {827E0CD3-B72D-47B6-A68D-7590B98EB39B}
		{7A00005C-2DC5-4307-8C12-4C71EE76D226} = {827E0CD3-B72D-47B6-A68D-7590B98EB39B}
		{1AD25434-65C1-44DE-8C43-226F976F9722} = {0AB3BF05-4346-4AA6-1389-037BE0695223}
	EndGlobalSection
EndGlobal
